// !$*UTF8*$!
{
	archiveVersion = 1;
	classes = {
	};
	objectVersion = 55;
	objects = {

/* Begin PBXBuildFile section */
		04D1232A281FAAEA007CAC74 /* AppDelegate.swift in Sources */ = {isa = PBXBuildFile; fileRef = 04D12329281FAAEA007CAC74 /* AppDelegate.swift */; };
		04D1232C281FAAEA007CAC74 /* SceneDelegate.swift in Sources */ = {isa = PBXBuildFile; fileRef = 04D1232B281FAAEA007CAC74 /* SceneDelegate.swift */; };
		04D12331281FAAEA007CAC74 /* Main.storyboard in Resources */ = {isa = PBXBuildFile; fileRef = 04D1232F281FAAEA007CAC74 /* Main.storyboard */; };
		04D12334281FAAEA007CAC74 /* Practical_demo.xcdatamodeld in Sources */ = {isa = PBXBuildFile; fileRef = 04D12332281FAAEA007CAC74 /* Practical_demo.xcdatamodeld */; };
		04D12336281FAAED007CAC74 /* Assets.xcassets in Resources */ = {isa = PBXBuildFile; fileRef = 04D12335281FAAED007CAC74 /* Assets.xcassets */; };
		04D12339281FAAED007CAC74 /* LaunchScreen.storyboard in Resources */ = {isa = PBXBuildFile; fileRef = 04D12337281FAAED007CAC74 /* LaunchScreen.storyboard */; };
		04D12344281FAAEE007CAC74 /* Practical_demoTests.swift in Sources */ = {isa = PBXBuildFile; fileRef = 04D12343281FAAEE007CAC74 /* Practical_demoTests.swift */; };
		04D1234E281FAAEE007CAC74 /* Practical_demoUITests.swift in Sources */ = {isa = PBXBuildFile; fileRef = 04D1234D281FAAEE007CAC74 /* Practical_demoUITests.swift */; };
		04D12350281FAAEE007CAC74 /* Practical_demoUITestsLaunchTests.swift in Sources */ = {isa = PBXBuildFile; fileRef = 04D1234F281FAAEE007CAC74 /* Practical_demoUITestsLaunchTests.swift */; };
		04D1235F281FB2D0007CAC74 /* coreDatConnection.swift in Sources */ = {isa = PBXBuildFile; fileRef = 04D1235E281FB2D0007CAC74 /* coreDatConnection.swift */; };
		04D12361281FB375007CAC74 /* globalFunctions.swift in Sources */ = {isa = PBXBuildFile; fileRef = 04D12360281FB375007CAC74 /* globalFunctions.swift */; };
		04D12363281FBE22007CAC74 /* LaunchViewController.swift in Sources */ = {isa = PBXBuildFile; fileRef = 04D12362281FBE22007CAC74 /* LaunchViewController.swift */; };
		04D12367281FBFB2007CAC74 /* LoginViewController.swift in Sources */ = {isa = PBXBuildFile; fileRef = 04D12364281FBFB2007CAC74 /* LoginViewController.swift */; };
		04D12369281FBFB2007CAC74 /* StatusViewController.swift in Sources */ = {isa = PBXBuildFile; fileRef = 04D12366281FBFB2007CAC74 /* StatusViewController.swift */; };
		04D1236C281FBFC5007CAC74 /* CustomAlert.swift in Sources */ = {isa = PBXBuildFile; fileRef = 04D1236A281FBFC5007CAC74 /* CustomAlert.swift */; };
		04D1236D281FBFC5007CAC74 /* HelperClass.swift in Sources */ = {isa = PBXBuildFile; fileRef = 04D1236B281FBFC5007CAC74 /* HelperClass.swift */; };
		04D12379281FCFF4007CAC74 /* SignUpViewController.swift in Sources */ = {isa = PBXBuildFile; fileRef = 04D12378281FCFF4007CAC74 /* SignUpViewController.swift */; };
/* End PBXBuildFile section */

/* Begin PBXContainerItemProxy section */
		04D12340281FAAEE007CAC74 /* PBXContainerItemProxy */ = {
			isa = PBXContainerItemProxy;
			containerPortal = 04D1231E281FAAEA007CAC74 /* Project object */;
			proxyType = 1;
			remoteGlobalIDString = 04D12325281FAAEA007CAC74;
			remoteInfo = Practical_demo;
		};
		04D1234A281FAAEE007CAC74 /* PBXContainerItemProxy */ = {
			isa = PBXContainerItemProxy;
			containerPortal = 04D1231E281FAAEA007CAC74 /* Project object */;
			proxyType = 1;
			remoteGlobalIDString = 04D12325281FAAEA007CAC74;
			remoteInfo = Practical_demo;
		};
/* End PBXContainerItemProxy section */

/* Begin PBXFileReference section */
		04D12326281FAAEA007CAC74 /* Practical_demo.app */ = {isa = PBXFileReference; explicitFileType = wrapper.application; includeInIndex = 0; path = Practical_demo.app; sourceTree = BUILT_PRODUCTS_DIR; };
		04D12329281FAAEA007CAC74 /* AppDelegate.swift */ = {isa = PBXFileReference; lastKnownFileType = sourcecode.swift; path = AppDelegate.swift; sourceTree = "<group>"; };
		04D1232B281FAAEA007CAC74 /* SceneDelegate.swift */ = {isa = PBXFileReference; lastKnownFileType = sourcecode.swift; path = SceneDelegate.swift; sourceTree = "<group>"; };
		04D12330281FAAEA007CAC74 /* Base */ = {isa = PBXFileReference; lastKnownFileType = file.storyboard; name = Base; path = Base.lproj/Main.storyboard; sourceTree = "<group>"; };
		04D12333281FAAEA007CAC74 /* Practical_demo.xcdatamodel */ = {isa = PBXFileReference; lastKnownFileType = wrapper.xcdatamodel; path = Practical_demo.xcdatamodel; sourceTree = "<group>"; };
		04D12335281FAAED007CAC74 /* Assets.xcassets */ = {isa = PBXFileReference; lastKnownFileType = folder.assetcatalog; path = Assets.xcassets; sourceTree = "<group>"; };
		04D12338281FAAED007CAC74 /* Base */ = {isa = PBXFileReference; lastKnownFileType = file.storyboard; name = Base; path = Base.lproj/LaunchScreen.storyboard; sourceTree = "<group>"; };
		04D1233A281FAAED007CAC74 /* Info.plist */ = {isa = PBXFileReference; lastKnownFileType = text.plist.xml; path = Info.plist; sourceTree = "<group>"; };
		04D1233F281FAAEE007CAC74 /* Practical_demoTests.xctest */ = {isa = PBXFileReference; explicitFileType = wrapper.cfbundle; includeInIndex = 0; path = Practical_demoTests.xctest; sourceTree = BUILT_PRODUCTS_DIR; };
		04D12343281FAAEE007CAC74 /* Practical_demoTests.swift */ = {isa = PBXFileReference; lastKnownFileType = sourcecode.swift; path = Practical_demoTests.swift; sourceTree = "<group>"; };
		04D12349281FAAEE007CAC74 /* Practical_demoUITests.xctest */ = {isa = PBXFileReference; explicitFileType = wrapper.cfbundle; includeInIndex = 0; path = Practical_demoUITests.xctest; sourceTree = BUILT_PRODUCTS_DIR; };
		04D1234D281FAAEE007CAC74 /* Practical_demoUITests.swift */ = {isa = PBXFileReference; lastKnownFileType = sourcecode.swift; path = Practical_demoUITests.swift; sourceTree = "<group>"; };
		04D1234F281FAAEE007CAC74 /* Practical_demoUITestsLaunchTests.swift */ = {isa = PBXFileReference; lastKnownFileType = sourcecode.swift; path = Practical_demoUITestsLaunchTests.swift; sourceTree = "<group>"; };
		04D1235E281FB2D0007CAC74 /* coreDatConnection.swift */ = {isa = PBXFileReference; fileEncoding = 4; lastKnownFileType = sourcecode.swift; path = coreDatConnection.swift; sourceTree = "<group>"; };
		04D12360281FB375007CAC74 /* globalFunctions.swift */ = {isa = PBXFileReference; fileEncoding = 4; lastKnownFileType = sourcecode.swift; path = globalFunctions.swift; sourceTree = "<group>"; };
		04D12362281FBE22007CAC74 /* LaunchViewController.swift */ = {isa = PBXFileReference; lastKnownFileType = sourcecode.swift; path = LaunchViewController.swift; sourceTree = "<group>"; };
		04D12364281FBFB2007CAC74 /* LoginViewController.swift */ = {isa = PBXFileReference; fileEncoding = 4; lastKnownFileType = sourcecode.swift; path = LoginViewController.swift; sourceTree = "<group>"; };
		04D12366281FBFB2007CAC74 /* StatusViewController.swift */ = {isa = PBXFileReference; fileEncoding = 4; lastKnownFileType = sourcecode.swift; path = StatusViewController.swift; sourceTree = "<group>"; };
		04D1236A281FBFC5007CAC74 /* CustomAlert.swift */ = {isa = PBXFileReference; fileEncoding = 4; lastKnownFileType = sourcecode.swift; path = CustomAlert.swift; sourceTree = "<group>"; };
		04D1236B281FBFC5007CAC74 /* HelperClass.swift */ = {isa = PBXFileReference; fileEncoding = 4; lastKnownFileType = sourcecode.swift; path = HelperClass.swift; sourceTree = "<group>"; };
		04D12378281FCFF4007CAC74 /* SignUpViewController.swift */ = {isa = PBXFileReference; lastKnownFileType = sourcecode.swift; path = SignUpViewController.swift; sourceTree = "<group>"; };
/* End PBXFileReference section */

/* Begin PBXFrameworksBuildPhase section */
		04D12323281FAAEA007CAC74 /* Frameworks */ = {
			isa = PBXFrameworksBuildPhase;
			buildActionMask = 2147483647;
			files = (
			);
			runOnlyForDeploymentPostprocessing = 0;
		};
		04D1233C281FAAEE007CAC74 /* Frameworks */ = {
			isa = PBXFrameworksBuildPhase;
			buildActionMask = 2147483647;
			files = (
			);
			runOnlyForDeploymentPostprocessing = 0;
		};
		04D12346281FAAEE007CAC74 /* Frameworks */ = {
			isa = PBXFrameworksBuildPhase;
			buildActionMask = 2147483647;
			files = (
			);
			runOnlyForDeploymentPostprocessing = 0;
		};
/* End PBXFrameworksBuildPhase section */

/* Begin PBXGroup section */
		04D1231D281FAAEA007CAC74 = {
			isa = PBXGroup;
			children = (
				04D12328281FAAEA007CAC74 /* Practical_demo */,
				04D12342281FAAEE007CAC74 /* Practical_demoTests */,
				04D1234C281FAAEE007CAC74 /* Practical_demoUITests */,
				04D12327281FAAEA007CAC74 /* Products */,
			);
			sourceTree = "<group>";
		};
		04D12327281FAAEA007CAC74 /* Products */ = {
			isa = PBXGroup;
			children = (
				04D12326281FAAEA007CAC74 /* Practical_demo.app */,
				04D1233F281FAAEE007CAC74 /* Practical_demoTests.xctest */,
				04D12349281FAAEE007CAC74 /* Practical_demoUITests.xctest */,
			);
			name = Products;
			sourceTree = "<group>";
		};
		04D12328281FAAEA007CAC74 /* Practical_demo */ = {
			isa = PBXGroup;
			children = (
				04D12371281FCF50007CAC74 /* CoreData File */,
				04D12370281FCF3C007CAC74 /* Global Functions */,
				04D1236E281FCF2C007CAC74 /* ViewControllers */,
				04D12329281FAAEA007CAC74 /* AppDelegate.swift */,
				04D1232B281FAAEA007CAC74 /* SceneDelegate.swift */,
				04D1232F281FAAEA007CAC74 /* Main.storyboard */,
				04D12335281FAAED007CAC74 /* Assets.xcassets */,
				04D12337281FAAED007CAC74 /* LaunchScreen.storyboard */,
				04D1233A281FAAED007CAC74 /* Info.plist */,
				04D12332281FAAEA007CAC74 /* Practical_demo.xcdatamodeld */,
			);
			path = Practical_demo;
			sourceTree = "<group>";
		};
		04D12342281FAAEE007CAC74 /* Practical_demoTests */ = {
			isa = PBXGroup;
			children = (
				04D12343281FAAEE007CAC74 /* Practical_demoTests.swift */,
			);
			path = Practical_demoTests;
			sourceTree = "<group>";
		};
		04D1234C281FAAEE007CAC74 /* Practical_demoUITests */ = {
			isa = PBXGroup;
			children = (
				04D1234D281FAAEE007CAC74 /* Practical_demoUITests.swift */,
				04D1234F281FAAEE007CAC74 /* Practical_demoUITestsLaunchTests.swift */,
			);
			path = Practical_demoUITests;
			sourceTree = "<group>";
		};
		04D1236E281FCF2C007CAC74 /* ViewControllers */ = {
			isa = PBXGroup;
			children = (
				04D12362281FBE22007CAC74 /* LaunchViewController.swift */,
				04D12364281FBFB2007CAC74 /* LoginViewController.swift */,
				04D12366281FBFB2007CAC74 /* StatusViewController.swift */,
				04D12378281FCFF4007CAC74 /* SignUpViewController.swift */,
			);
			path = ViewControllers;
			sourceTree = "<group>";
		};
		04D12370281FCF3C007CAC74 /* Global Functions */ = {
			isa = PBXGroup;
			children = (
				04D12360281FB375007CAC74 /* globalFunctions.swift */,
				04D1236A281FBFC5007CAC74 /* CustomAlert.swift */,
				04D1236B281FBFC5007CAC74 /* HelperClass.swift */,
			);
			path = "Global Functions";
			sourceTree = "<group>";
		};
		04D12371281FCF50007CAC74 /* CoreData File */ = {
			isa = PBXGroup;
			children = (
				04D1235E281FB2D0007CAC74 /* coreDatConnection.swift */,
			);
			path = "CoreData File";
			sourceTree = "<group>";
		};
/* End PBXGroup section */

/* Begin PBXNativeTarget section */
		04D12325281FAAEA007CAC74 /* Practical_demo */ = {
			isa = PBXNativeTarget;
			buildConfigurationList = 04D12353281FAAEE007CAC74 /* Build configuration list for PBXNativeTarget "Practical_demo" */;
			buildPhases = (
				04D12322281FAAEA007CAC74 /* Sources */,
				04D12323281FAAEA007CAC74 /* Frameworks */,
				04D12324281FAAEA007CAC74 /* Resources */,
			);
			buildRules = (
			);
			dependencies = (
			);
			name = Practical_demo;
			productName = Practical_demo;
			productReference = 04D12326281FAAEA007CAC74 /* Practical_demo.app */;
			productType = "com.apple.product-type.application";
		};
		04D1233E281FAAEE007CAC74 /* Practical_demoTests */ = {
			isa = PBXNativeTarget;
			buildConfigurationList = 04D12356281FAAEE007CAC74 /* Build configuration list for PBXNativeTarget "Practical_demoTests" */;
			buildPhases = (
				04D1233B281FAAEE007CAC74 /* Sources */,
				04D1233C281FAAEE007CAC74 /* Frameworks */,
				04D1233D281FAAEE007CAC74 /* Resources */,
			);
			buildRules = (
			);
			dependencies = (
				04D12341281FAAEE007CAC74 /* PBXTargetDependency */,
			);
			name = Practical_demoTests;
			productName = Practical_demoTests;
			productReference = 04D1233F281FAAEE007CAC74 /* Practical_demoTests.xctest */;
			productType = "com.apple.product-type.bundle.unit-test";
		};
		04D12348281FAAEE007CAC74 /* Practical_demoUITests */ = {
			isa = PBXNativeTarget;
			buildConfigurationList = 04D12359281FAAEE007CAC74 /* Build configuration list for PBXNativeTarget "Practical_demoUITests" */;
			buildPhases = (
				04D12345281FAAEE007CAC74 /* Sources */,
				04D12346281FAAEE007CAC74 /* Frameworks */,
				04D12347281FAAEE007CAC74 /* Resources */,
			);
			buildRules = (
			);
			dependencies = (
				04D1234B281FAAEE007CAC74 /* PBXTargetDependency */,
			);
			name = Practical_demoUITests;
			productName = Practical_demoUITests;
			productReference = 04D12349281FAAEE007CAC74 /* Practical_demoUITests.xctest */;
			productType = "com.apple.product-type.bundle.ui-testing";
		};
/* End PBXNativeTarget section */

/* Begin PBXProject section */
		04D1231E281FAAEA007CAC74 /* Project object */ = {
			isa = PBXProject;
			attributes = {
				BuildIndependentTargetsInParallel = 1;
				LastSwiftUpdateCheck = 1320;
				LastUpgradeCheck = 1320;
				TargetAttributes = {
					04D12325281FAAEA007CAC74 = {
						CreatedOnToolsVersion = 13.2.1;
					};
					04D1233E281FAAEE007CAC74 = {
						CreatedOnToolsVersion = 13.2.1;
						TestTargetID = 04D12325281FAAEA007CAC74;
					};
					04D12348281FAAEE007CAC74 = {
						CreatedOnToolsVersion = 13.2.1;
						TestTargetID = 04D12325281FAAEA007CAC74;
					};
				};
			};
			buildConfigurationList = 04D12321281FAAEA007CAC74 /* Build configuration list for PBXProject "Practical_demo" */;
			compatibilityVersion = "Xcode 13.0";
			developmentRegion = en;
			hasScannedForEncodings = 0;
			knownRegions = (
				en,
				Base,
			);
			mainGroup = 04D1231D281FAAEA007CAC74;
			productRefGroup = 04D12327281FAAEA007CAC74 /* Products */;
			projectDirPath = "";
			projectRoot = "";
			targets = (
				04D12325281FAAEA007CAC74 /* Practical_demo */,
				04D1233E281FAAEE007CAC74 /* Practical_demoTests */,
				04D12348281FAAEE007CAC74 /* Practical_demoUITests */,
			);
		};
/* End PBXProject section */

/* Begin PBXResourcesBuildPhase section */
		04D12324281FAAEA007CAC74 /* Resources */ = {
			isa = PBXResourcesBuildPhase;
			buildActionMask = 2147483647;
			files = (
				04D12339281FAAED007CAC74 /* LaunchScreen.storyboard in Resources */,
				04D12336281FAAED007CAC74 /* Assets.xcassets in Resources */,
				04D12331281FAAEA007CAC74 /* Main.storyboard in Resources */,
			);
			runOnlyForDeploymentPostprocessing = 0;
		};
		04D1233D281FAAEE007CAC74 /* Resources */ = {
			isa = PBXResourcesBuildPhase;
			buildActionMask = 2147483647;
			files = (
			);
			runOnlyForDeploymentPostprocessing = 0;
		};
		04D12347281FAAEE007CAC74 /* Resources */ = {
			isa = PBXResourcesBuildPhase;
			buildActionMask = 2147483647;
			files = (
			);
			runOnlyForDeploymentPostprocessing = 0;
		};
/* End PBXResourcesBuildPhase section */

/* Begin PBXSourcesBuildPhase section */
		04D12322281FAAEA007CAC74 /* Sources */ = {
			isa = PBXSourcesBuildPhase;
			buildActionMask = 2147483647;
			files = (
				04D12379281FCFF4007CAC74 /* SignUpViewController.swift in Sources */,
				04D12367281FBFB2007CAC74 /* LoginViewController.swift in Sources */,
				04D1232A281FAAEA007CAC74 /* AppDelegate.swift in Sources */,
				04D1236D281FBFC5007CAC74 /* HelperClass.swift in Sources */,
				04D1236C281FBFC5007CAC74 /* CustomAlert.swift in Sources */,
				04D1235F281FB2D0007CAC74 /* coreDatConnection.swift in Sources */,
				04D12361281FB375007CAC74 /* globalFunctions.swift in Sources */,
				04D12334281FAAEA007CAC74 /* Practical_demo.xcdatamodeld in Sources */,
				04D1232C281FAAEA007CAC74 /* SceneDelegate.swift in Sources */,
				04D12369281FBFB2007CAC74 /* StatusViewController.swift in Sources */,
				04D12363281FBE22007CAC74 /* LaunchViewController.swift in Sources */,
			);
			runOnlyForDeploymentPostprocessing = 0;
		};
		04D1233B281FAAEE007CAC74 /* Sources */ = {
			isa = PBXSourcesBuildPhase;
			buildActionMask = 2147483647;
			files = (
				04D12344281FAAEE007CAC74 /* Practical_demoTests.swift in Sources */,
			);
			runOnlyForDeploymentPostprocessing = 0;
		};
		04D12345281FAAEE007CAC74 /* Sources */ = {
			isa = PBXSourcesBuildPhase;
			buildActionMask = 2147483647;
			files = (
				04D1234E281FAAEE007CAC74 /* Practical_demoUITests.swift in Sources */,
				04D12350281FAAEE007CAC74 /* Practical_demoUITestsLaunchTests.swift in Sources */,
			);
			runOnlyForDeploymentPostprocessing = 0;
		};
/* End PBXSourcesBuildPhase section */

/* Begin PBXTargetDependency section */
		04D12341281FAAEE007CAC74 /* PBXTargetDependency */ = {
			isa = PBXTargetDependency;
			target = 04D12325281FAAEA007CAC74 /* Practical_demo */;
			targetProxy = 04D12340281FAAEE007CAC74 /* PBXContainerItemProxy */;
		};
		04D1234B281FAAEE007CAC74 /* PBXTargetDependency */ = {
			isa = PBXTargetDependency;
			target = 04D12325281FAAEA007CAC74 /* Practical_demo */;
			targetProxy = 04D1234A281FAAEE007CAC74 /* PBXContainerItemProxy */;
		};
/* End PBXTargetDependency section */

/* Begin PBXVariantGroup section */
		04D1232F281FAAEA007CAC74 /* Main.storyboard */ = {
			isa = PBXVariantGroup;
			children = (
				04D12330281FAAEA007CAC74 /* Base */,
			);
			name = Main.storyboard;
			sourceTree = "<group>";
		};
		04D12337281FAAED007CAC74 /* LaunchScreen.storyboard */ = {
			isa = PBXVariantGroup;
			children = (
				04D12338281FAAED007CAC74 /* Base */,
			);
			name = LaunchScreen.storyboard;
			sourceTree = "<group>";
		};
/* End PBXVariantGroup section */

/* Begin XCBuildConfiguration section */
		04D12351281FAAEE007CAC74 /* Debug */ = {
			isa = XCBuildConfiguration;
			buildSettings = {
				ALWAYS_SEARCH_USER_PATHS = NO;
				CLANG_ANALYZER_NONNULL = YES;
				CLANG_ANALYZER_NUMBER_OBJECT_CONVERSION = YES_AGGRESSIVE;
				CLANG_CXX_LANGUAGE_STANDARD = "gnu++17";
				CLANG_CXX_LIBRARY = "libc++";
				CLANG_ENABLE_MODULES = YES;
				CLANG_ENABLE_OBJC_ARC = YES;
				CLANG_ENABLE_OBJC_WEAK = YES;
				CLANG_WARN_BLOCK_CAPTURE_AUTORELEASING = YES;
				CLANG_WARN_BOOL_CONVERSION = YES;
				CLANG_WARN_COMMA = YES;
				CLANG_WARN_CONSTANT_CONVERSION = YES;
				CLANG_WARN_DEPRECATED_OBJC_IMPLEMENTATIONS = YES;
				CLANG_WARN_DIRECT_OBJC_ISA_USAGE = YES_ERROR;
				CLANG_WARN_DOCUMENTATION_COMMENTS = YES;
				CLANG_WARN_EMPTY_BODY = YES;
				CLANG_WARN_ENUM_CONVERSION = YES;
				CLANG_WARN_INFINITE_RECURSION = YES;
				CLANG_WARN_INT_CONVERSION = YES;
				CLANG_WARN_NON_LITERAL_NULL_CONVERSION = YES;
				CLANG_WARN_OBJC_IMPLICIT_RETAIN_SELF = YES;
				CLANG_WARN_OBJC_LITERAL_CONVERSION = YES;
				CLANG_WARN_OBJC_ROOT_CLASS = YES_ERROR;
				CLANG_WARN_QUOTED_INCLUDE_IN_FRAMEWORK_HEADER = YES;
				CLANG_WARN_RANGE_LOOP_ANALYSIS = YES;
				CLANG_WARN_STRICT_PROTOTYPES = YES;
				CLANG_WARN_SUSPICIOUS_MOVE = YES;
				CLANG_WARN_UNGUARDED_AVAILABILITY = YES_AGGRESSIVE;
				CLANG_WARN_UNREACHABLE_CODE = YES;
				CLANG_WARN__DUPLICATE_METHOD_MATCH = YES;
				COPY_PHASE_STRIP = NO;
				DEBUG_INFORMATION_FORMAT = dwarf;
				ENABLE_STRICT_OBJC_MSGSEND = YES;
				ENABLE_TESTABILITY = YES;
				GCC_C_LANGUAGE_STANDARD = gnu11;
				GCC_DYNAMIC_NO_PIC = NO;
				GCC_NO_COMMON_BLOCKS = YES;
				GCC_OPTIMIZATION_LEVEL = 0;
				GCC_PREPROCESSOR_DEFINITIONS = (
					"DEBUG=1",
					"$(inherited)",
				);
				GCC_WARN_64_TO_32_BIT_CONVERSION = YES;
				GCC_WARN_ABOUT_RETURN_TYPE = YES_ERROR;
				GCC_WARN_UNDECLARED_SELECTOR = YES;
				GCC_WARN_UNINITIALIZED_AUTOS = YES_AGGRESSIVE;
				GCC_WARN_UNUSED_FUNCTION = YES;
				GCC_WARN_UNUSED_VARIABLE = YES;
				IPHONEOS_DEPLOYMENT_TARGET = 15.2;
				MTL_ENABLE_DEBUG_INFO = INCLUDE_SOURCE;
				MTL_FAST_MATH = YES;
				ONLY_ACTIVE_ARCH = YES;
				SDKROOT = iphoneos;
				SWIFT_ACTIVE_COMPILATION_CONDITIONS = DEBUG;
				SWIFT_OPTIMIZATION_LEVEL = "-Onone";
			};
			name = Debug;
		};
		04D12352281FAAEE007CAC74 /* Release */ = {
			isa = XCBuildConfiguration;
			buildSettings = {
				ALWAYS_SEARCH_USER_PATHS = NO;
				CLANG_ANALYZER_NONNULL = YES;
				CLANG_ANALYZER_NUMBER_OBJECT_CONVERSION = YES_AGGRESSIVE;
				CLANG_CXX_LANGUAGE_STANDARD = "gnu++17";
				CLANG_CXX_LIBRARY = "libc++";
				CLANG_ENABLE_MODULES = YES;
				CLANG_ENABLE_OBJC_ARC = YES;
				CLANG_ENABLE_OBJC_WEAK = YES;
				CLANG_WARN_BLOCK_CAPTURE_AUTORELEASING = YES;
				CLANG_WARN_BOOL_CONVERSION = YES;
				CLANG_WARN_COMMA = YES;
				CLANG_WARN_CONSTANT_CONVERSION = YES;
				CLANG_WARN_DEPRECATED_OBJC_IMPLEMENTATIONS = YES;
				CLANG_WARN_DIRECT_OBJC_ISA_USAGE = YES_ERROR;
				CLANG_WARN_DOCUMENTATION_COMMENTS = YES;
				CLANG_WARN_EMPTY_BODY = YES;
				CLANG_WARN_ENUM_CONVERSION = YES;
				CLANG_WARN_INFINITE_RECURSION = YES;
				CLANG_WARN_INT_CONVERSION = YES;
				CLANG_WARN_NON_LITERAL_NULL_CONVERSION = YES;
				CLANG_WARN_OBJC_IMPLICIT_RETAIN_SELF = YES;
				CLANG_WARN_OBJC_LITERAL_CONVERSION = YES;
				CLANG_WARN_OBJC_ROOT_CLASS = YES_ERROR;
				CLANG_WARN_QUOTED_INCLUDE_IN_FRAMEWORK_HEADER = YES;
				CLANG_WARN_RANGE_LOOP_ANALYSIS = YES;
				CLANG_WARN_STRICT_PROTOTYPES = YES;
				CLANG_WARN_SUSPICIOUS_MOVE = YES;
				CLANG_WARN_UNGUARDED_AVAILABILITY = YES_AGGRESSIVE;
				CLANG_WARN_UNREACHABLE_CODE = YES;
				CLANG_WARN__DUPLICATE_METHOD_MATCH = YES;
				COPY_PHASE_STRIP = NO;
				DEBUG_INFORMATION_FORMAT = "dwarf-with-dsym";
				ENABLE_NS_ASSERTIONS = NO;
				ENABLE_STRICT_OBJC_MSGSEND = YES;
				GCC_C_LANGUAGE_STANDARD = gnu11;
				GCC_NO_COMMON_BLOCKS = YES;
				GCC_WARN_64_TO_32_BIT_CONVERSION = YES;
				GCC_WARN_ABOUT_RETURN_TYPE = YES_ERROR;
				GCC_WARN_UNDECLARED_SELECTOR = YES;
				GCC_WARN_UNINITIALIZED_AUTOS = YES_AGGRESSIVE;
				GCC_WARN_UNUSED_FUNCTION = YES;
				GCC_WARN_UNUSED_VARIABLE = YES;
				IPHONEOS_DEPLOYMENT_TARGET = 15.2;
				MTL_ENABLE_DEBUG_INFO = NO;
				MTL_FAST_MATH = YES;
				SDKROOT = iphoneos;
				SWIFT_COMPILATION_MODE = wholemodule;
				SWIFT_OPTIMIZATION_LEVEL = "-O";
				VALIDATE_PRODUCT = YES;
			};
			name = Release;
		};
		04D12354281FAAEE007CAC74 /* Debug */ = {
			isa = XCBuildConfiguration;
			buildSettings = {
				ASSETCATALOG_COMPILER_APPICON_NAME = AppIcon;
				ASSETCATALOG_COMPILER_GLOBAL_ACCENT_COLOR_NAME = AccentColor;
				CODE_SIGN_STYLE = Automatic;
				CURRENT_PROJECT_VERSION = 1;
				GENERATE_INFOPLIST_FILE = YES;
				INFOPLIST_FILE = Practical_demo/Info.plist;
				INFOPLIST_KEY_UIApplicationSupportsIndirectInputEvents = YES;
				INFOPLIST_KEY_UILaunchStoryboardName = Main;
				INFOPLIST_KEY_UIMainStoryboardFile = Main;
				INFOPLIST_KEY_UISupportedInterfaceOrientations_iPad = "UIInterfaceOrientationPortrait UIInterfaceOrientationPortraitUpsideDown UIInterfaceOrientationLandscapeLeft UIInterfaceOrientationLandscapeRight";
				INFOPLIST_KEY_UISupportedInterfaceOrientations_iPhone = "UIInterfaceOrientationPortrait UIInterfaceOrientationLandscapeLeft UIInterfaceOrientationLandscapeRight";
				LD_RUNPATH_SEARCH_PATHS = (
					"$(inherited)",
					"@executable_path/Frameworks",
				);
				MARKETING_VERSION = 1.0;
				PRODUCT_BUNDLE_IDENTIFIER = "com.test.com.Practical-demo";
				PRODUCT_NAME = "$(TARGET_NAME)";
				SWIFT_EMIT_LOC_STRINGS = YES;
				SWIFT_VERSION = 5.0;
				TARGETED_DEVICE_FAMILY = 1;
			};
			name = Debug;
		};
		04D12355281FAAEE007CAC74 /* Release */ = {
			isa = XCBuildConfiguration;
			buildSettings = {
				ASSETCATALOG_COMPILER_APPICON_NAME = AppIcon;
				ASSETCATALOG_COMPILER_GLOBAL_ACCENT_COLOR_NAME = AccentColor;
				CODE_SIGN_STYLE = Automatic;
				CURRENT_PROJECT_VERSION = 1;
				GENERATE_INFOPLIST_FILE = YES;
				INFOPLIST_FILE = Practical_demo/Info.plist;
				INFOPLIST_KEY_UIApplicationSupportsIndirectInputEvents = YES;
				INFOPLIST_KEY_UILaunchStoryboardName = Main;
				INFOPLIST_KEY_UIMainStoryboardFile = Main;
				INFOPLIST_KEY_UISupportedInterfaceOrientations_iPad = "UIInterfaceOrientationPortrait UIInterfaceOrientationPortraitUpsideDown UIInterfaceOrientationLandscapeLeft UIInterfaceOrientationLandscapeRight";
				INFOPLIST_KEY_UISupportedInterfaceOrientations_iPhone = "UIInterfaceOrientationPortrait UIInterfaceOrientationLandscapeLeft UIInterfaceOrientationLandscapeRight";
				LD_RUNPATH_SEARCH_PATHS = (
					"$(inherited)",
					"@executable_path/Frameworks",
				);
				MARKETING_VERSION = 1.0;
				PRODUCT_BUNDLE_IDENTIFIER = "com.test.com.Practical-demo";
				PRODUCT_NAME = "$(TARGET_NAME)";
				SWIFT_EMIT_LOC_STRINGS = YES;
				SWIFT_VERSION = 5.0;
				TARGETED_DEVICE_FAMILY = 1;
			};
			name = Release;
		};
		04D12357281FAAEE007CAC74 /* Debug */ = {
			isa = XCBuildConfiguration;
			buildSettings = {
				ALWAYS_EMBED_SWIFT_STANDARD_LIBRARIES = YES;
				BUNDLE_LOADER = "$(TEST_HOST)";
				CODE_SIGN_STYLE = Automatic;
				CURRENT_PROJECT_VERSION = 1;
				GENERATE_INFOPLIST_FILE = YES;
				IPHONEOS_DEPLOYMENT_TARGET = 15.2;
				MARKETING_VERSION = 1.0;
				PRODUCT_BUNDLE_IDENTIFIER = "com.test.com.Practical-demoTests";
				PRODUCT_NAME = "$(TARGET_NAME)";
				SWIFT_EMIT_LOC_STRINGS = NO;
				SWIFT_VERSION = 5.0;
				TARGETED_DEVICE_FAMILY = "1,2";
				TEST_HOST = "$(BUILT_PRODUCTS_DIR)/Practical_demo.app/Practical_demo";
			};
			name = Debug;
		};
		04D12358281FAAEE007CAC74 /* Release */ = {
			isa = XCBuildConfiguration;
			buildSettings = {
				ALWAYS_EMBED_SWIFT_STANDARD_LIBRARIES = YES;
				BUNDLE_LOADER = "$(TEST_HOST)";
				CODE_SIGN_STYLE = Automatic;
				CURRENT_PROJECT_VERSION = 1;
				GENERATE_INFOPLIST_FILE = YES;
				IPHONEOS_DEPLOYMENT_TARGET = 15.2;
				MARKETING_VERSION = 1.0;
				PRODUCT_BUNDLE_IDENTIFIER = "com.test.com.Practical-demoTests";
				PRODUCT_NAME = "$(TARGET_NAME)";
				SWIFT_EMIT_LOC_STRINGS = NO;
				SWIFT_VERSION = 5.0;
				TARGETED_DEVICE_FAMILY = "1,2";
				TEST_HOST = "$(BUILT_PRODUCTS_DIR)/Practical_demo.app/Practical_demo";
			};
			name = Release;
		};
		04D1235A281FAAEE007CAC74 /* Debug */ = {
			isa = XCBuildConfiguration;
			buildSettings = {
				ALWAYS_EMBED_SWIFT_STANDARD_LIBRARIES = YES;
				CODE_SIGN_STYLE = Automatic;
				CURRENT_PROJECT_VERSION = 1;
				GENERATE_INFOPLIST_FILE = YES;
				MARKETING_VERSION = 1.0;
				PRODUCT_BUNDLE_IDENTIFIER = "com.test.com.Practical-demoUITests";
				PRODUCT_NAME = "$(TARGET_NAME)";
				SWIFT_EMIT_LOC_STRINGS = NO;
				SWIFT_VERSION = 5.0;
				TARGETED_DEVICE_FAMILY = "1,2";
				TEST_TARGET_NAME = Practical_demo;
			};
			name = Debug;
		};
		04D1235B281FAAEE007CAC74 /* Release */ = {
			isa = XCBuildConfiguration;
			buildSettings = {
				ALWAYS_EMBED_SWIFT_STANDARD_LIBRARIES = YES;
				CODE_SIGN_STYLE = Automatic;
				CURRENT_PROJECT_VERSION = 1;
				GENERATE_INFOPLIST_FILE = YES;
				MARKETING_VERSION = 1.0;
				PRODUCT_BUNDLE_IDENTIFIER = "com.test.com.Practical-demoUITests";
				PRODUCT_NAME = "$(TARGET_NAME)";
				SWIFT_EMIT_LOC_STRINGS = NO;
				SWIFT_VERSION = 5.0;
				TARGETED_DEVICE_FAMILY = "1,2";
				TEST_TARGET_NAME = Practical_demo;
			};
			name = Release;
		};
/* End XCBuildConfiguration section */

/* Begin XCConfigurationList section */
		04D12321281FAAEA007CAC74 /* Build configuration list for PBXProject "Practical_demo" */ = {
			isa = XCConfigurationList;
			buildConfigurations = (
				04D12351281FAAEE007CAC74 /* Debug */,
				04D12352281FAAEE007CAC74 /* Release */,
			);
			defaultConfigurationIsVisible = 0;
			defaultConfigurationName = Release;
		};
		04D12353281FAAEE007CAC74 /* Build configuration list for PBXNativeTarget "Practical_demo" */ = {
			isa = XCConfigurationList;
			buildConfigurations = (
				04D12354281FAAEE007CAC74 /* Debug */,
				04D12355281FAAEE007CAC74 /* Release */,
			);
			defaultConfigurationIsVisible = 0;
			defaultConfigurationName = Release;
		};
		04D12356281FAAEE007CAC74 /* Build configuration list for PBXNativeTarget "Practical_demoTests" */ = {
			isa = XCConfigurationList;
			buildConfigurations = (
				04D12357281FAAEE007CAC74 /* Debug */,
				04D12358281FAAEE007CAC74 /* Release */,
			);
			defaultConfigurationIsVisible = 0;
			defaultConfigurationName = Release;
		};
		04D12359281FAAEE007CAC74 /* Build configuration list for PBXNativeTarget "Practical_demoUITests" */ = {
			isa = XCConfigurationList;
			buildConfigurations = (
				04D1235A281FAAEE007CAC74 /* Debug */,
				04D1235B281FAAEE007CAC74 /* Release */,
			);
			defaultConfigurationIsVisible = 0;
			defaultConfigurationName = Release;
		};
/* End XCConfigurationList section */

/* Begin XCVersionGroup section */
		04D12332281FAAEA007CAC74 /* Practical_demo.xcdatamodeld */ = {
			isa = XCVersionGroup;
			children = (
				04D12333281FAAEA007CAC74 /* Practical_demo.xcdatamodel */,
			);
			currentVersion = 04D12333281FAAEA007CAC74 /* Practical_demo.xcdatamodel */;
			path = Practical_demo.xcdatamodeld;
			sourceTree = "<group>";
			versionGroupType = wrapper.xcdatamodel;
		};
/* End XCVersionGroup section */
	};
	rootObject = 04D1231E281FAAEA007CAC74 /* Project object */;
}
